
Microsoft Visual Studio Solution File, Format Version 12.00
# Visual Studio Version 17
VisualStudioVersion = 17.3.32922.545
MinimumVisualStudioVersion = 10.0.40219.1
Project("{FAE04EC0-301F-11D3-BF4B-00C04F79EFBC}") = "4.114", "4.114\4.114.csproj", "{AF689ECE-0C54-4F77-8A8C-FA9668C22030}"
EndProject
Global
	GlobalSection(SolutionConfigurationPlatforms) = preSolution
		Debug|Any CPU = Debug|Any CPU
		Release|Any CPU = Release|Any CPU
	EndGlobalSection
	GlobalSection(ProjectConfigurationPlatforms) = postSolution
		{AF689ECE-0C54-4F77-8A8C-FA9668C22030}.Debug|Any CPU.ActiveCfg = Debug|Any CPU
		{AF689ECE-0C54-4F77-8A8C-FA9668C22030}.Debug|Any CPU.Build.0 = Debug|Any CPU
		{AF689ECE-0C54-4F77-8A8C-FA9668C22030}.Release|Any CPU.ActiveCfg = Release|Any CPU
		{AF689ECE-0C54-4F77-8A8C-FA9668C22030}.Release|Any CPU.Build.0 = Release|Any CPU
	EndGlobalSection
	GlobalSection(SolutionProperties) = preSolution
		HideSolutionNode = FALSE
	EndGlobalSection
	GlobalSection(ExtensibilityGlobals) = postSolution
		SolutionGuid = {0A12801B-3B3D-4C16-B043-4E093B47AC2A}
	EndGlobalSection
EndGlobal
